{
  "nodes": {
    "artpkgs": {
      "inputs": {
        "flake-compat": "flake-compat",
        "flake-utils": "flake-utils",
        "git-hooks": "git-hooks",
        "nix-index-database": "nix-index-database",
        "nixpkgs": [
          "nixpkgs"
        ],
        "nixpkgsu": "nixpkgsu",
        "systems": "systems",
        "treefmt": "treefmt",
        "treefmt-nix": "treefmt-nix"
      },
      "locked": {
        "lastModified": 1770987422,
        "narHash": "sha256-TfrxeRgBD17OC2L3oB4HneP6xbE5j92Lb5PY7gQ5v4g=",
        "ref": "refs/heads/master",
        "rev": "bde00ece1190ef4f887ab17fc6c3124d785b9bcc",
        "revCount": 383,
        "type": "git",
        "url": "file:///home/arthur/wrk/artdev/artpkgs"
      },
      "original": {
        "type": "git",
        "url": "file:///home/arthur/wrk/artdev/artpkgs"
      }
    },
    "blueprint": {
      "inputs": {
        "nixpkgs": [
          "artpkgs",
          "nixpkgsu"
        ],
        "systems": [
          "artpkgs",
          "systems"
        ]
      },
      "locked": {
        "lastModified": 1741697533,
        "narHash": "sha256-+4vOgmO/RLRW7VQyL+ua5Q/sKZbp3Cg9IumqWlOcuK4=",
        "owner": "numtide",
        "repo": "blueprint",
        "rev": "658dfdb19eab4766270ffd20f36c55dc7dc8ed30",
        "type": "github"
      },
      "original": {
        "owner": "numtide",
        "repo": "blueprint",
        "type": "github"
      }
    },
    "flake-compat": {
      "flake": false,
      "locked": {
        "lastModified": 1767039857,
        "narHash": "sha256-vNpUSpF5Nuw8xvDLj2KCwwksIbjua2LZCqhV1LNRDns=",
        "owner": "edolstra",
        "repo": "flake-compat",
        "rev": "5edf11c44bc78a0d334f6334cdaf7d60d732daab",
        "type": "github"
      },
      "original": {
        "owner": "edolstra",
        "repo": "flake-compat",
        "type": "github"
      }
    },
    "flake-utils": {
      "inputs": {
        "systems": [
          "artpkgs",
          "systems"
        ]
      },
      "locked": {
        "lastModified": 1731533236,
        "narHash": "sha256-l0KFg5HjrsfsO/JpG+r7fRrqm12kzFHyUHqHCVpMMbI=",
        "owner": "numtide",
        "repo": "flake-utils",
        "rev": "11707dc2f618dd54ca8739b309ec4fc024de578b",
        "type": "github"
      },
      "original": {
        "owner": "numtide",
        "repo": "flake-utils",
        "type": "github"
      }
    },
    "git-hooks": {
      "inputs": {
        "flake-compat": [
          "artpkgs",
          "flake-compat"
        ],
        "gitignore": "gitignore",
        "nixpkgs": [
          "artpkgs",
          "nixpkgsu"
        ]
      },
      "locked": {
        "lastModified": 1770726378,
        "narHash": "sha256-kck+vIbGOaM/dHea7aTBxdFYpeUl/jHOy5W3eyRvVx8=",
        "owner": "cachix",
        "repo": "git-hooks.nix",
        "rev": "5eaaedde414f6eb1aea8b8525c466dc37bba95ae",
        "type": "github"
      },
      "original": {
        "owner": "cachix",
        "repo": "git-hooks.nix",
        "type": "github"
      }
    },
    "gitignore": {
      "inputs": {
        "nixpkgs": [
          "artpkgs",
          "git-hooks",
          "nixpkgs"
        ]
      },
      "locked": {
        "lastModified": 1709087332,
        "narHash": "sha256-HG2cCnktfHsKV0s4XW83gU3F57gaTljL9KNSuG6bnQs=",
        "owner": "hercules-ci",
        "repo": "gitignore.nix",
        "rev": "637db329424fd7e46cf4185293b9cc8c88c95394",
        "type": "github"
      },
      "original": {
        "owner": "hercules-ci",
        "repo": "gitignore.nix",
        "type": "github"
      }
    },
    "nix-filter": {
      "locked": {
        "lastModified": 1731533336,
        "narHash": "sha256-oRam5PS1vcrr5UPgALW0eo1m/5/pls27Z/pabHNy2Ms=",
        "owner": "numtide",
        "repo": "nix-filter",
        "rev": "f7653272fd234696ae94229839a99b73c9ab7de0",
        "type": "github"
      },
      "original": {
        "owner": "numtide",
        "repo": "nix-filter",
        "type": "github"
      }
    },
    "nix-index-database": {
      "inputs": {
        "nixpkgs": [
          "artpkgs",
          "nixpkgsu"
        ]
      },
      "locked": {
        "lastModified": 1770315571,
        "narHash": "sha256-hy0gcAgAcxrnSWKGuNO+Ob0x6jQ2xkR6hoaR0qJBHYs=",
        "owner": "Mic92",
        "repo": "nix-index-database",
        "rev": "2684bb8080a6f2ca5f9d494de5ef875bc1c4ecdb",
        "type": "github"
      },
      "original": {
        "owner": "Mic92",
        "repo": "nix-index-database",
        "type": "github"
      }
    },
    "nixpkgs": {
      "locked": {
        "dirtyRev": "b92031e26cf1562bee648e9dc58af895e608ee05-dirty",
        "dirtyShortRev": "b92031e-dirty",
        "lastModified": 1770850491,
        "narHash": "sha256-lItM+15m4Ws3qvNceYGQcyo2xJkowtAU6ZU4QnSIcoE=",
        "type": "git",
        "url": "file:///home/arthur/wrk/ext/nixpkgs/unstable"
      },
      "original": {
        "type": "git",
        "url": "file:///home/arthur/wrk/ext/nixpkgs/unstable"
      }
    },
    "nixpkgsu": {
      "locked": {
        "dirtyRev": "b92031e26cf1562bee648e9dc58af895e608ee05-dirty",
        "dirtyShortRev": "b92031e-dirty",
        "lastModified": 1770850491,
        "narHash": "sha256-lItM+15m4Ws3qvNceYGQcyo2xJkowtAU6ZU4QnSIcoE=",
        "type": "git",
        "url": "file:///home/arthur/wrk/ext/nixpkgs/unstable"
      },
      "original": {
        "type": "git",
        "url": "file:///home/arthur/wrk/ext/nixpkgs/unstable"
      }
    },
    "root": {
      "inputs": {
        "artpkgs": "artpkgs",
        "nixpkgs": "nixpkgs"
      }
    },
    "systems": {
      "locked": {
        "lastModified": 1681028828,
        "narHash": "sha256-Vy1rq5AaRuLzOxct8nz4T6wlgyUR7zLU309k9mBC768=",
        "owner": "nix-systems",
        "repo": "default",
        "rev": "da67096a3b9bf56a91d16901293e51ba5b49a27e",
        "type": "github"
      },
      "original": {
        "owner": "nix-systems",
        "repo": "default",
        "type": "github"
      }
    },
    "treefmt": {
      "inputs": {
        "blueprint": "blueprint",
        "flake-compat": [
          "artpkgs",
          "flake-compat"
        ],
        "nix-filter": "nix-filter",
        "nixpkgs": [
          "artpkgs",
          "nixpkgsu"
        ],
        "treefmt-nix": [
          "artpkgs",
          "treefmt-nix"
        ]
      },
      "locked": {
        "lastModified": 1770910311,
        "narHash": "sha256-3Ris0/d1m6vEdYIVbrK6ZmdB+TDMmo2/nYSnhPHikNg=",
        "owner": "numtide",
        "repo": "treefmt",
        "rev": "014430583000b2d956651f560d9264f93899d747",
        "type": "github"
      },
      "original": {
        "owner": "numtide",
        "repo": "treefmt",
        "type": "github"
      }
    },
    "treefmt-nix": {
      "inputs": {
        "nixpkgs": [
          "artpkgs",
          "nixpkgsu"
        ]
      },
      "locked": {
        "lastModified": 1769865426,
        "narHash": "sha256-3dCXkOlLdC+e4nsYrbeWU6+AGDaTZUIq4Fv2Us2vJUA=",
        "ref": "refs/heads/main",
        "rev": "d61b88114525e117c8d8168eba885cebb7f7446b",
        "revCount": 537,
        "type": "git",
        "url": "file:///home/arthur/wrk/ext/treefmt-nix"
      },
      "original": {
        "type": "git",
        "url": "file:///home/arthur/wrk/ext/treefmt-nix"
      }
    }
  },
  "root": "root",
  "version": 7
}
